
Microsoft Visual Studio Solution File, Format Version 12.00
# Visual Studio 15
VisualStudioVersion = 15.0.28307.168
MinimumVisualStudioVersion = 10.0.40219.1
Project("{FAE04EC0-301F-11D3-BF4B-00C04F79EFBC}") = "CoronaShopBE", "CoronaShopBE\CoronaShopBE.csproj", "{BE652445-4D6D-4825-8B31-95B15AE40AAA}"
EndProject
Global
	GlobalSection(SolutionConfigurationPlatforms) = preSolution
		Debug|Any CPU = Debug|Any CPU
		Release|Any CPU = Release|Any CPU
	EndGlobalSection
	GlobalSection(ProjectConfigurationPlatforms) = postSolution
		{BE652445-4D6D-4825-8B31-95B15AE40AAA}.Debug|Any CPU.ActiveCfg = Debug|Any CPU
		{BE652445-4D6D-4825-8B31-95B15AE40AAA}.Debug|Any CPU.Build.0 = Debug|Any CPU
		{BE652445-4D6D-4825-8B31-95B15AE40AAA}.Release|Any CPU.ActiveCfg = Release|Any CPU
		{BE652445-4D6D-4825-8B31-95B15AE40AAA}.Release|Any CPU.Build.0 = Release|Any CPU
	EndGlobalSection
	GlobalSection(SolutionProperties) = preSolution
		HideSolutionNode = FALSE
	EndGlobalSection
	GlobalSection(ExtensibilityGlobals) = postSolution
		SolutionGuid = {B68886BE-23AB-4EF3-A300-178044D567A6}
	EndGlobalSection
EndGlobal
